
Microsoft Visual Studio Solution File, Format Version 12.00
# Visual Studio 14
VisualStudioVersion = 14.0.25123.0
MinimumVisualStudioVersion = 10.0.40219.1
Project("{FAE04EC0-301F-11D3-BF4B-00C04F79EFBC}") = "SharpSynth", "SharpSynth\SharpSynth.csproj", "{FF9EDEAD-244E-40ED-AF4D-55A8E96BB099}"
EndProject
Project("{FAE04EC0-301F-11D3-BF4B-00C04F79EFBC}") = "SynthTest", "SynthTest\SynthTest.csproj", "{B9F435B6-7F90-4157-B03C-FDE80EF50EA4}"
EndProject
Global
	GlobalSection(SolutionConfigurationPlatforms) = preSolution
		Debug|Any CPU = Debug|Any CPU
		Release|Any CPU = Release|Any CPU
	EndGlobalSection
	GlobalSection(ProjectConfigurationPlatforms) = postSolution
		{FF9EDEAD-244E-40ED-AF4D-55A8E96BB099}.Debug|Any CPU.ActiveCfg = Debug|Any CPU
		{FF9EDEAD-244E-40ED-AF4D-55A8E96BB099}.Debug|Any CPU.Build.0 = Debug|Any CPU
		{FF9EDEAD-244E-40ED-AF4D-55A8E96BB099}.Release|Any CPU.ActiveCfg = Release|Any CPU
		{FF9EDEAD-244E-40ED-AF4D-55A8E96BB099}.Release|Any CPU.Build.0 = Release|Any CPU
		{B9F435B6-7F90-4157-B03C-FDE80EF50EA4}.Debug|Any CPU.ActiveCfg = Debug|Any CPU
		{B9F435B6-7F90-4157-B03C-FDE80EF50EA4}.Debug|Any CPU.Build.0 = Debug|Any CPU
		{B9F435B6-7F90-4157-B03C-FDE80EF50EA4}.Release|Any CPU.ActiveCfg = Release|Any CPU
		{B9F435B6-7F90-4157-B03C-FDE80EF50EA4}.Release|Any CPU.Build.0 = Release|Any CPU
	EndGlobalSection
	GlobalSection(SolutionProperties) = preSolution
		HideSolutionNode = FALSE
	EndGlobalSection
EndGlobal
